
Microsoft Visual Studio Solution File, Format Version 12.00
# Visual Studio Version 17
VisualStudioVersion = 17.0.32126.317
MinimumVisualStudioVersion = 10.0.40219.1
Project("{FAE04EC0-301F-11D3-BF4B-00C04F79EFBC}") = "DemoTest01", "DemoTest01.csproj", "{B3F46F80-6B07-4966-84AE-90B5EED62C36}"
EndProject
Global
	GlobalSection(SolutionConfigurationPlatforms) = preSolution
		Debug|Any CPU = Debug|Any CPU
		Release|Any CPU = Release|Any CPU
	EndGlobalSection
	GlobalSection(ProjectConfigurationPlatforms) = postSolution
		{B3F46F80-6B07-4966-84AE-90B5EED62C36}.Debug|Any CPU.ActiveCfg = Debug|Any CPU
		{B3F46F80-6B07-4966-84AE-90B5EED62C36}.Debug|Any CPU.Build.0 = Debug|Any CPU
		{B3F46F80-6B07-4966-84AE-90B5EED62C36}.Release|Any CPU.ActiveCfg = Release|Any CPU
		{B3F46F80-6B07-4966-84AE-90B5EED62C36}.Release|Any CPU.Build.0 = Release|Any CPU
	EndGlobalSection
	GlobalSection(SolutionProperties) = preSolution
		HideSolutionNode = FALSE
	EndGlobalSection
	GlobalSection(ExtensibilityGlobals) = postSolution
		SolutionGuid = {D2454147-023C-413A-B560-311A0AC4F595}
	EndGlobalSection
EndGlobal
